
Microsoft Visual Studio Solution File, Format Version 12.00
# Visual Studio Version 17
VisualStudioVersion = 17.3.32922.545
MinimumVisualStudioVersion = 10.0.40219.1
Project("{FAE04EC0-301F-11D3-BF4B-00C04F79EFBC}") = "DogSitter", "DogSitter.csproj", "{F9DD9729-6F19-42BF-942A-1B73C5E695EE}"
EndProject
Global
	GlobalSection(SolutionConfigurationPlatforms) = preSolution
		Debug|Any CPU = Debug|Any CPU
		Release|Any CPU = Release|Any CPU
	EndGlobalSection
	GlobalSection(ProjectConfigurationPlatforms) = postSolution
		{F9DD9729-6F19-42BF-942A-1B73C5E695EE}.Debug|Any CPU.ActiveCfg = Debug|Any CPU
		{F9DD9729-6F19-42BF-942A-1B73C5E695EE}.Debug|Any CPU.Build.0 = Debug|Any CPU
		{F9DD9729-6F19-42BF-942A-1B73C5E695EE}.Release|Any CPU.ActiveCfg = Release|Any CPU
		{F9DD9729-6F19-42BF-942A-1B73C5E695EE}.Release|Any CPU.Build.0 = Release|Any CPU
	EndGlobalSection
	GlobalSection(SolutionProperties) = preSolution
		HideSolutionNode = FALSE
	EndGlobalSection
	GlobalSection(ExtensibilityGlobals) = postSolution
		SolutionGuid = {22DE8E21-7646-4AFC-B7EF-D7F1B26F466E}
	EndGlobalSection
EndGlobal
